
Microsoft Visual Studio Solution File, Format Version 10.00
# Visual Studio 2008
Project("{8BC9CEB8-8B4A-11D0-8D11-00A0C91BC942}") = "S2255Interface", "S2255Interface.vcproj", "{F79F3FDA-E7BD-4AD5-9F25-76CA4BDC289A}"
EndProject
Global
	GlobalSection(SolutionConfigurationPlatforms) = preSolution
		Debug|Win32 = Debug|Win32
		Release|Win32 = Release|Win32
	EndGlobalSection
	GlobalSection(ProjectConfigurationPlatforms) = postSolution
		{F79F3FDA-E7BD-4AD5-9F25-76CA4BDC289A}.Debug|Win32.ActiveCfg = Debug|Win32
		{F79F3FDA-E7BD-4AD5-9F25-76CA4BDC289A}.Debug|Win32.Build.0 = Debug|Win32
		{F79F3FDA-E7BD-4AD5-9F25-76CA4BDC289A}.Release|Win32.ActiveCfg = Release|Win32
		{F79F3FDA-E7BD-4AD5-9F25-76CA4BDC289A}.Release|Win32.Build.0 = Release|Win32
	EndGlobalSection
	GlobalSection(SolutionProperties) = preSolution
		HideSolutionNode = FALSE
	EndGlobalSection
EndGlobal
